// !$*UTF8*$!
{
	archiveVersion = 1;
	classes = {
	};
	objectVersion = 48;
	objects = {

/* Begin PBXBuildFile section */
		BF897A4F1FF3575F00D20AC3 /* main.cpp in Sources */ = {isa = PBXBuildFile; fileRef = BF897A4E1FF3575F00D20AC3 /* main.cpp */; };
/* End PBXBuildFile section */

/* Begin PBXCopyFilesBuildPhase section */
		BF897A491FF3575F00D20AC3 /* CopyFiles */ = {
			isa = PBXCopyFilesBuildPhase;
			buildActionMask = 2147483647;
			dstPath = /usr/share/man/man1/;
			dstSubfolderSpec = 0;
			files = (
			);
			runOnlyForDeploymentPostprocessing = 1;
		};
/* End PBXCopyFilesBuildPhase section */

/* Begin PBXFileReference section */
		BF5D3F711FFDF0BC00E46EE3 /* date.cpp */ = {isa = PBXFileReference; lastKnownFileType = sourcecode.cpp.cpp; path = date.cpp; sourceTree = "<group>"; };
		BF897A4B1FF3575F00D20AC3 /* coursera */ = {isa = PBXFileReference; explicitFileType = "compiled.mach-o.executable"; includeInIndex = 0; path = coursera; sourceTree = BUILT_PRODUCTS_DIR; };
		BF897A4E1FF3575F00D20AC3 /* main.cpp */ = {isa = PBXFileReference; lastKnownFileType = sourcecode.cpp.cpp; path = main.cpp; sourceTree = "<group>"; };
		BF897A581FF35D1D00D20AC3 /* float.cpp */ = {isa = PBXFileReference; lastKnownFileType = sourcecode.cpp.cpp; path = float.cpp; sourceTree = "<group>"; };
		BF897A591FF3634600D20AC3 /* if.cpp */ = {isa = PBXFileReference; lastKnownFileType = sourcecode.cpp.cpp; path = if.cpp; sourceTree = "<group>"; };
		BF897A5A1FF3646A00D20AC3 /* riddle.cpp */ = {isa = PBXFileReference; lastKnownFileType = sourcecode.cpp.cpp; path = riddle.cpp; sourceTree = "<group>"; };
		BF897A5B1FF365D400D20AC3 /* for.cpp */ = {isa = PBXFileReference; lastKnownFileType = sourcecode.cpp.cpp; path = for.cpp; sourceTree = "<group>"; };
		BF897A5C1FF3676A00D20AC3 /* array.cpp */ = {isa = PBXFileReference; lastKnownFileType = sourcecode.cpp.cpp; path = array.cpp; sourceTree = "<group>"; };
		BFC5692D1FF4B0BD00EA5B0F /* bubblesorting.cpp */ = {isa = PBXFileReference; lastKnownFileType = sourcecode.cpp.cpp; path = bubblesorting.cpp; sourceTree = "<group>"; };
		BFC5692E1FF608FA00EA5B0F /* selectionSorting.cpp */ = {isa = PBXFileReference; lastKnownFileType = sourcecode.cpp.cpp; path = selectionSorting.cpp; sourceTree = "<group>"; };
/* End PBXFileReference section */

/* Begin PBXFrameworksBuildPhase section */
		BF897A481FF3575F00D20AC3 /* Frameworks */ = {
			isa = PBXFrameworksBuildPhase;
			buildActionMask = 2147483647;
			files = (
			);
			runOnlyForDeploymentPostprocessing = 0;
		};
/* End PBXFrameworksBuildPhase section */

/* Begin PBXGroup section */
		BF897A421FF3575F00D20AC3 = {
			isa = PBXGroup;
			children = (
				BF897A4D1FF3575F00D20AC3 /* coursera */,
				BF897A4C1FF3575F00D20AC3 /* Products */,
			);
			sourceTree = "<group>";
		};
		BF897A4C1FF3575F00D20AC3 /* Products */ = {
			isa = PBXGroup;
			children = (
				BF897A4B1FF3575F00D20AC3 /* coursera */,
			);
			name = Products;
			sourceTree = "<group>";
		};
		BF897A4D1FF3575F00D20AC3 /* coursera */ = {
			isa = PBXGroup;
			children = (
				BF897A4E1FF3575F00D20AC3 /* main.cpp */,
				BF897A5C1FF3676A00D20AC3 /* array.cpp */,
				BF897A5A1FF3646A00D20AC3 /* riddle.cpp */,
				BF897A581FF35D1D00D20AC3 /* float.cpp */,
				BF897A591FF3634600D20AC3 /* if.cpp */,
				BF897A5B1FF365D400D20AC3 /* for.cpp */,
				BFC5692D1FF4B0BD00EA5B0F /* bubblesorting.cpp */,
				BFC5692E1FF608FA00EA5B0F /* selectionSorting.cpp */,
				BF5D3F711FFDF0BC00E46EE3 /* date.cpp */,
			);
			path = coursera;
			sourceTree = "<group>";
		};
/* End PBXGroup section */

/* Begin PBXNativeTarget section */
		BF897A4A1FF3575F00D20AC3 /* coursera */ = {
			isa = PBXNativeTarget;
			buildConfigurationList = BF897A521FF3575F00D20AC3 /* Build configuration list for PBXNativeTarget "coursera" */;
			buildPhases = (
				BF897A471FF3575F00D20AC3 /* Sources */,
				BF897A481FF3575F00D20AC3 /* Frameworks */,
				BF897A491FF3575F00D20AC3 /* CopyFiles */,
			);
			buildRules = (
			);
			dependencies = (
			);
			name = coursera;
			productName = coursera;
			productReference = BF897A4B1FF3575F00D20AC3 /* coursera */;
			productType = "com.apple.product-type.tool";
		};
/* End PBXNativeTarget section */

/* Begin PBXProject section */
		BF897A431FF3575F00D20AC3 /* Project object */ = {
			isa = PBXProject;
			attributes = {
				LastUpgradeCheck = 0920;
				ORGANIZATIONNAME = "Jian Hu";
				TargetAttributes = {
					BF897A4A1FF3575F00D20AC3 = {
						CreatedOnToolsVersion = 9.2;
						ProvisioningStyle = Automatic;
					};
				};
			};
			buildConfigurationList = BF897A461FF3575F00D20AC3 /* Build configuration list for PBXProject "coursera" */;
			compatibilityVersion = "Xcode 8.0";
			developmentRegion = en;
			hasScannedForEncodings = 0;
			knownRegions = (
				en,
			);
			mainGroup = BF897A421FF3575F00D20AC3;
			productRefGroup = BF897A4C1FF3575F00D20AC3 /* Products */;
			projectDirPath = "";
			projectRoot = "";
			targets = (
				BF897A4A1FF3575F00D20AC3 /* coursera */,
			);
		};
/* End PBXProject section */

/* Begin PBXSourcesBuildPhase section */
		BF897A471FF3575F00D20AC3 /* Sources */ = {
			isa = PBXSourcesBuildPhase;
			buildActionMask = 2147483647;
			files = (
				BF897A4F1FF3575F00D20AC3 /* main.cpp in Sources */,
			);
			runOnlyForDeploymentPostprocessing = 0;
		};
/* End PBXSourcesBuildPhase section */

/* Begin XCBuildConfiguration section */
		BF897A501FF3575F00D20AC3 /* Debug */ = {
			isa = XCBuildConfiguration;
			buildSettings = {
				ALWAYS_SEARCH_USER_PATHS = NO;
				CLANG_ANALYZER_NONNULL = YES;
				CLANG_ANALYZER_NUMBER_OBJECT_CONVERSION = YES_AGGRESSIVE;
				CLANG_CXX_LANGUAGE_STANDARD = "gnu++14";
				CLANG_CXX_LIBRARY = "libc++";
				CLANG_ENABLE_MODULES = YES;
				CLANG_ENABLE_OBJC_ARC = YES;
				CLANG_WARN_BLOCK_CAPTURE_AUTORELEASING = YES;
				CLANG_WARN_BOOL_CONVERSION = YES;
				CLANG_WARN_COMMA = YES;
				CLANG_WARN_CONSTANT_CONVERSION = YES;
				CLANG_WARN_DIRECT_OBJC_ISA_USAGE = YES_ERROR;
				CLANG_WARN_DOCUMENTATION_COMMENTS = YES;
				CLANG_WARN_EMPTY_BODY = YES;
				CLANG_WARN_ENUM_CONVERSION = YES;
				CLANG_WARN_INFINITE_RECURSION = YES;
				CLANG_WARN_INT_CONVERSION = YES;
				CLANG_WARN_NON_LITERAL_NULL_CONVERSION = YES;
				CLANG_WARN_OBJC_LITERAL_CONVERSION = YES;
				CLANG_WARN_OBJC_ROOT_CLASS = YES_ERROR;
				CLANG_WARN_RANGE_LOOP_ANALYSIS = YES;
				CLANG_WARN_STRICT_PROTOTYPES = YES;
				CLANG_WARN_SUSPICIOUS_MOVE = YES;
				CLANG_WARN_UNGUARDED_AVAILABILITY = YES_AGGRESSIVE;
				CLANG_WARN_UNREACHABLE_CODE = YES;
				CLANG_WARN__DUPLICATE_METHOD_MATCH = YES;
				CODE_SIGN_IDENTITY = "Mac Developer";
				COPY_PHASE_STRIP = NO;
				DEBUG_INFORMATION_FORMAT = dwarf;
				ENABLE_STRICT_OBJC_MSGSEND = YES;
				ENABLE_TESTABILITY = YES;
				GCC_C_LANGUAGE_STANDARD = gnu11;
				GCC_DYNAMIC_NO_PIC = NO;
				GCC_NO_COMMON_BLOCKS = YES;
				GCC_OPTIMIZATION_LEVEL = 0;
				GCC_PREPROCESSOR_DEFINITIONS = (
					"DEBUG=1",
					"$(inherited)",
				);
				GCC_WARN_64_TO_32_BIT_CONVERSION = YES;
				GCC_WARN_ABOUT_RETURN_TYPE = YES_ERROR;
				GCC_WARN_UNDECLARED_SELECTOR = YES;
				GCC_WARN_UNINITIALIZED_AUTOS = YES_AGGRESSIVE;
				GCC_WARN_UNUSED_FUNCTION = YES;
				GCC_WARN_UNUSED_VARIABLE = YES;
				MACOSX_DEPLOYMENT_TARGET = 10.13;
				MTL_ENABLE_DEBUG_INFO = YES;
				ONLY_ACTIVE_ARCH = YES;
				SDKROOT = macosx;
			};
			name = Debug;
		};
		BF897A511FF3575F00D20AC3 /* Release */ = {
			isa = XCBuildConfiguration;
			buildSettings = {
				ALWAYS_SEARCH_USER_PATHS = NO;
				CLANG_ANALYZER_NONNULL = YES;
				CLANG_ANALYZER_NUMBER_OBJECT_CONVERSION = YES_AGGRESSIVE;
				CLANG_CXX_LANGUAGE_STANDARD = "gnu++14";
				CLANG_CXX_LIBRARY = "libc++";
				CLANG_ENABLE_MODULES = YES;
				CLANG_ENABLE_OBJC_ARC = YES;
				CLANG_WARN_BLOCK_CAPTURE_AUTORELEASING = YES;
				CLANG_WARN_BOOL_CONVERSION = YES;
				CLANG_WARN_COMMA = YES;
				CLANG_WARN_CONSTANT_CONVERSION = YES;
				CLANG_WARN_DIRECT_OBJC_ISA_USAGE = YES_ERROR;
				CLANG_WARN_DOCUMENTATION_COMMENTS = YES;
				CLANG_WARN_EMPTY_BODY = YES;
				CLANG_WARN_ENUM_CONVERSION = YES;
				CLANG_WARN_INFINITE_RECURSION = YES;
				CLANG_WARN_INT_CONVERSION = YES;
				CLANG_WARN_NON_LITERAL_NULL_CONVERSION = YES;
				CLANG_WARN_OBJC_LITERAL_CONVERSION = YES;
				CLANG_WARN_OBJC_ROOT_CLASS = YES_ERROR;
				CLANG_WARN_RANGE_LOOP_ANALYSIS = YES;
				CLANG_WARN_STRICT_PROTOTYPES = YES;
				CLANG_WARN_SUSPICIOUS_MOVE = YES;
				CLANG_WARN_UNGUARDED_AVAILABILITY = YES_AGGRESSIVE;
				CLANG_WARN_UNREACHABLE_CODE = YES;
				CLANG_WARN__DUPLICATE_METHOD_MATCH = YES;
				CODE_SIGN_IDENTITY = "Mac Developer";
				COPY_PHASE_STRIP = NO;
				DEBUG_INFORMATION_FORMAT = "dwarf-with-dsym";
				ENABLE_NS_ASSERTIONS = NO;
				ENABLE_STRICT_OBJC_MSGSEND = YES;
				GCC_C_LANGUAGE_STANDARD = gnu11;
				GCC_NO_COMMON_BLOCKS = YES;
				GCC_WARN_64_TO_32_BIT_CONVERSION = YES;
				GCC_WARN_ABOUT_RETURN_TYPE = YES_ERROR;
				GCC_WARN_UNDECLARED_SELECTOR = YES;
				GCC_WARN_UNINITIALIZED_AUTOS = YES_AGGRESSIVE;
				GCC_WARN_UNUSED_FUNCTION = YES;
				GCC_WARN_UNUSED_VARIABLE = YES;
				MACOSX_DEPLOYMENT_TARGET = 10.13;
				MTL_ENABLE_DEBUG_INFO = NO;
				SDKROOT = macosx;
			};
			name = Release;
		};
		BF897A531FF3575F00D20AC3 /* Debug */ = {
			isa = XCBuildConfiguration;
			buildSettings = {
				CODE_SIGN_STYLE = Automatic;
				DEVELOPMENT_TEAM = R9359TZFFG;
				PRODUCT_NAME = "$(TARGET_NAME)";
			};
			name = Debug;
		};
		BF897A541FF3575F00D20AC3 /* Release */ = {
			isa = XCBuildConfiguration;
			buildSettings = {
				CODE_SIGN_STYLE = Automatic;
				DEVELOPMENT_TEAM = R9359TZFFG;
				PRODUCT_NAME = "$(TARGET_NAME)";
			};
			name = Release;
		};
/* End XCBuildConfiguration section */

/* Begin XCConfigurationList section */
		BF897A461FF3575F00D20AC3 /* Build configuration list for PBXProject "coursera" */ = {
			isa = XCConfigurationList;
			buildConfigurations = (
				BF897A501FF3575F00D20AC3 /* Debug */,
				BF897A511FF3575F00D20AC3 /* Release */,
			);
			defaultConfigurationIsVisible = 0;
			defaultConfigurationName = Release;
		};
		BF897A521FF3575F00D20AC3 /* Build configuration list for PBXNativeTarget "coursera" */ = {
			isa = XCConfigurationList;
			buildConfigurations = (
				BF897A531FF3575F00D20AC3 /* Debug */,
				BF897A541FF3575F00D20AC3 /* Release */,
			);
			defaultConfigurationIsVisible = 0;
			defaultConfigurationName = Release;
		};
/* End XCConfigurationList section */
	};
	rootObject = BF897A431FF3575F00D20AC3 /* Project object */;
}
